// !$*UTF8*$!
{
	archiveVersion = 1;
	classes = {
	};
	objectVersion = 55;
	objects = {

/* Begin PBXBuildFile section */
		09FDFA2C27B53BD700D4C0EE /* AppDelegate.swift in Sources */ = {isa = PBXBuildFile; fileRef = 09FDFA2B27B53BD700D4C0EE /* AppDelegate.swift */; };
		09FDFA2E27B53BD700D4C0EE /* SceneDelegate.swift in Sources */ = {isa = PBXBuildFile; fileRef = 09FDFA2D27B53BD700D4C0EE /* SceneDelegate.swift */; };
		09FDFA3027B53BD700D4C0EE /* NoteListViewController.swift in Sources */ = {isa = PBXBuildFile; fileRef = 09FDFA2F27B53BD700D4C0EE /* NoteListViewController.swift */; };
		09FDFA3627B53BD700D4C0EE /* Note.xcdatamodeld in Sources */ = {isa = PBXBuildFile; fileRef = 09FDFA3427B53BD700D4C0EE /* Note.xcdatamodeld */; };
		09FDFA3827B53BDB00D4C0EE /* Assets.xcassets in Resources */ = {isa = PBXBuildFile; fileRef = 09FDFA3727B53BDB00D4C0EE /* Assets.xcassets */; };
		09FDFA3B27B53BDB00D4C0EE /* LaunchScreen.storyboard in Resources */ = {isa = PBXBuildFile; fileRef = 09FDFA3927B53BDB00D4C0EE /* LaunchScreen.storyboard */; };
		09FDFA4727B5405100D4C0EE /* AppRouter.swift in Sources */ = {isa = PBXBuildFile; fileRef = 09FDFA4627B5405100D4C0EE /* AppRouter.swift */; };
		09FDFA4D27B5413400D4C0EE /* ServiceContainer.swift in Sources */ = {isa = PBXBuildFile; fileRef = 09FDFA4C27B5413400D4C0EE /* ServiceContainer.swift */; };
		09FDFA4F27B541C200D4C0EE /* NoteListProtocols.swift in Sources */ = {isa = PBXBuildFile; fileRef = 09FDFA4E27B541C200D4C0EE /* NoteListProtocols.swift */; };
		09FDFA5127B541ED00D4C0EE /* Note.swift in Sources */ = {isa = PBXBuildFile; fileRef = 09FDFA5027B541ED00D4C0EE /* Note.swift */; };
		09FDFA5427B542E200D4C0EE /* NoteListCollectionViewCell.swift in Sources */ = {isa = PBXBuildFile; fileRef = 09FDFA5327B542E200D4C0EE /* NoteListCollectionViewCell.swift */; };
		09FDFA5627B5494300D4C0EE /* NoteListPresenter.swift in Sources */ = {isa = PBXBuildFile; fileRef = 09FDFA5527B5494300D4C0EE /* NoteListPresenter.swift */; };
		09FDFA5B27B54A2600D4C0EE /* NoteServiсe.swift in Sources */ = {isa = PBXBuildFile; fileRef = 09FDFA5A27B54A2600D4C0EE /* NoteServiсe.swift */; };
		09FDFA5D27B54A4A00D4C0EE /* NoteServiсeImpl.swift in Sources */ = {isa = PBXBuildFile; fileRef = 09FDFA5C27B54A4A00D4C0EE /* NoteServiсeImpl.swift */; };
		09FDFA5F27B54BFB00D4C0EE /* NoteStorage.swift in Sources */ = {isa = PBXBuildFile; fileRef = 09FDFA5E27B54BFB00D4C0EE /* NoteStorage.swift */; };
		09FDFA6127B54DF700D4C0EE /* NoteListRouter.swift in Sources */ = {isa = PBXBuildFile; fileRef = 09FDFA6027B54DF700D4C0EE /* NoteListRouter.swift */; };
		09FDFA6327B54ED500D4C0EE /* NoteListConfigurator.swift in Sources */ = {isa = PBXBuildFile; fileRef = 09FDFA6227B54ED500D4C0EE /* NoteListConfigurator.swift */; };
		09FDFA6627B5537600D4C0EE /* AddNoteProtocols.swift in Sources */ = {isa = PBXBuildFile; fileRef = 09FDFA6527B5537600D4C0EE /* AddNoteProtocols.swift */; };
		09FDFA7127B6747900D4C0EE /* AddNotePresenter.swift in Sources */ = {isa = PBXBuildFile; fileRef = 09FDFA7027B6747900D4C0EE /* AddNotePresenter.swift */; };
		09FDFA7327B6782500D4C0EE /* AddNoteRouter.swift in Sources */ = {isa = PBXBuildFile; fileRef = 09FDFA7227B6782500D4C0EE /* AddNoteRouter.swift */; };
		09FDFA7527B6795300D4C0EE /* AddNoteConfigurator.swift in Sources */ = {isa = PBXBuildFile; fileRef = 09FDFA7427B6795300D4C0EE /* AddNoteConfigurator.swift */; };
		09FDFA7727B68B9100D4C0EE /* AddNoteViewController.swift in Sources */ = {isa = PBXBuildFile; fileRef = 09FDFA7627B68B9100D4C0EE /* AddNoteViewController.swift */; };
		09FDFA8427BC266A00D4C0EE /* BottomStackView.swift in Sources */ = {isa = PBXBuildFile; fileRef = 09FDFA8327BC266A00D4C0EE /* BottomStackView.swift */; };
		09FDFA8727BC321A00D4C0EE /* BottomStyleView.swift in Sources */ = {isa = PBXBuildFile; fileRef = 09FDFA8627BC321A00D4C0EE /* BottomStyleView.swift */; };
		09FDFA9227BD34E900D4C0EE /* Notes+CoreDataClass.swift in Sources */ = {isa = PBXBuildFile; fileRef = 09FDFA9027BD34E900D4C0EE /* Notes+CoreDataClass.swift */; };
		09FDFA9327BD34E900D4C0EE /* Notes+CoreDataProperties.swift in Sources */ = {isa = PBXBuildFile; fileRef = 09FDFA9127BD34E900D4C0EE /* Notes+CoreDataProperties.swift */; };
		09FDFA9527BD8B8700D4C0EE /* FontStyle.swift in Sources */ = {isa = PBXBuildFile; fileRef = 09FDFA9427BD8B8700D4C0EE /* FontStyle.swift */; };
/* End PBXBuildFile section */

/* Begin PBXFileReference section */
		09FDFA2827B53BD700D4C0EE /* Note.app */ = {isa = PBXFileReference; explicitFileType = wrapper.application; includeInIndex = 0; path = Note.app; sourceTree = BUILT_PRODUCTS_DIR; };
		09FDFA2B27B53BD700D4C0EE /* AppDelegate.swift */ = {isa = PBXFileReference; lastKnownFileType = sourcecode.swift; path = AppDelegate.swift; sourceTree = "<group>"; };
		09FDFA2D27B53BD700D4C0EE /* SceneDelegate.swift */ = {isa = PBXFileReference; lastKnownFileType = sourcecode.swift; path = SceneDelegate.swift; sourceTree = "<group>"; };
		09FDFA2F27B53BD700D4C0EE /* NoteListViewController.swift */ = {isa = PBXFileReference; lastKnownFileType = sourcecode.swift; path = NoteListViewController.swift; sourceTree = "<group>"; };
		09FDFA3527B53BD700D4C0EE /* Note.xcdatamodel */ = {isa = PBXFileReference; lastKnownFileType = wrapper.xcdatamodel; path = Note.xcdatamodel; sourceTree = "<group>"; };
		09FDFA3727B53BDB00D4C0EE /* Assets.xcassets */ = {isa = PBXFileReference; lastKnownFileType = folder.assetcatalog; path = Assets.xcassets; sourceTree = "<group>"; };
		09FDFA3A27B53BDB00D4C0EE /* Base */ = {isa = PBXFileReference; lastKnownFileType = file.storyboard; name = Base; path = Base.lproj/LaunchScreen.storyboard; sourceTree = "<group>"; };
		09FDFA3C27B53BDB00D4C0EE /* Info.plist */ = {isa = PBXFileReference; lastKnownFileType = text.plist.xml; path = Info.plist; sourceTree = "<group>"; };
		09FDFA4627B5405100D4C0EE /* AppRouter.swift */ = {isa = PBXFileReference; lastKnownFileType = sourcecode.swift; path = AppRouter.swift; sourceTree = "<group>"; };
		09FDFA4C27B5413400D4C0EE /* ServiceContainer.swift */ = {isa = PBXFileReference; lastKnownFileType = sourcecode.swift; path = ServiceContainer.swift; sourceTree = "<group>"; };
		09FDFA4E27B541C200D4C0EE /* NoteListProtocols.swift */ = {isa = PBXFileReference; lastKnownFileType = sourcecode.swift; path = NoteListProtocols.swift; sourceTree = "<group>"; };
		09FDFA5027B541ED00D4C0EE /* Note.swift */ = {isa = PBXFileReference; lastKnownFileType = sourcecode.swift; path = Note.swift; sourceTree = "<group>"; };
		09FDFA5327B542E200D4C0EE /* NoteListCollectionViewCell.swift */ = {isa = PBXFileReference; lastKnownFileType = sourcecode.swift; path = NoteListCollectionViewCell.swift; sourceTree = "<group>"; };
		09FDFA5527B5494300D4C0EE /* NoteListPresenter.swift */ = {isa = PBXFileReference; lastKnownFileType = sourcecode.swift; path = NoteListPresenter.swift; sourceTree = "<group>"; };
		09FDFA5A27B54A2600D4C0EE /* NoteServiсe.swift */ = {isa = PBXFileReference; lastKnownFileType = sourcecode.swift; path = "NoteServiсe.swift"; sourceTree = "<group>"; };
		09FDFA5C27B54A4A00D4C0EE /* NoteServiсeImpl.swift */ = {isa = PBXFileReference; lastKnownFileType = sourcecode.swift; path = "NoteServiсeImpl.swift"; sourceTree = "<group>"; };
		09FDFA5E27B54BFB00D4C0EE /* NoteStorage.swift */ = {isa = PBXFileReference; lastKnownFileType = sourcecode.swift; path = NoteStorage.swift; sourceTree = "<group>"; };
		09FDFA6027B54DF700D4C0EE /* NoteListRouter.swift */ = {isa = PBXFileReference; lastKnownFileType = sourcecode.swift; path = NoteListRouter.swift; sourceTree = "<group>"; };
		09FDFA6227B54ED500D4C0EE /* NoteListConfigurator.swift */ = {isa = PBXFileReference; lastKnownFileType = sourcecode.swift; path = NoteListConfigurator.swift; sourceTree = "<group>"; };
		09FDFA6527B5537600D4C0EE /* AddNoteProtocols.swift */ = {isa = PBXFileReference; lastKnownFileType = sourcecode.swift; path = AddNoteProtocols.swift; sourceTree = "<group>"; };
		09FDFA7027B6747900D4C0EE /* AddNotePresenter.swift */ = {isa = PBXFileReference; lastKnownFileType = sourcecode.swift; path = AddNotePresenter.swift; sourceTree = "<group>"; };
		09FDFA7227B6782500D4C0EE /* AddNoteRouter.swift */ = {isa = PBXFileReference; lastKnownFileType = sourcecode.swift; path = AddNoteRouter.swift; sourceTree = "<group>"; };
		09FDFA7427B6795300D4C0EE /* AddNoteConfigurator.swift */ = {isa = PBXFileReference; lastKnownFileType = sourcecode.swift; path = AddNoteConfigurator.swift; sourceTree = "<group>"; };
		09FDFA7627B68B9100D4C0EE /* AddNoteViewController.swift */ = {isa = PBXFileReference; lastKnownFileType = sourcecode.swift; path = AddNoteViewController.swift; sourceTree = "<group>"; };
		09FDFA8327BC266A00D4C0EE /* BottomStackView.swift */ = {isa = PBXFileReference; lastKnownFileType = sourcecode.swift; path = BottomStackView.swift; sourceTree = "<group>"; };
		09FDFA8627BC321A00D4C0EE /* BottomStyleView.swift */ = {isa = PBXFileReference; lastKnownFileType = sourcecode.swift; path = BottomStyleView.swift; sourceTree = "<group>"; };
		09FDFA9027BD34E900D4C0EE /* Notes+CoreDataClass.swift */ = {isa = PBXFileReference; lastKnownFileType = sourcecode.swift; path = "Notes+CoreDataClass.swift"; sourceTree = "<group>"; };
		09FDFA9127BD34E900D4C0EE /* Notes+CoreDataProperties.swift */ = {isa = PBXFileReference; lastKnownFileType = sourcecode.swift; path = "Notes+CoreDataProperties.swift"; sourceTree = "<group>"; };
		09FDFA9427BD8B8700D4C0EE /* FontStyle.swift */ = {isa = PBXFileReference; lastKnownFileType = sourcecode.swift; path = FontStyle.swift; sourceTree = "<group>"; };
/* End PBXFileReference section */

/* Begin PBXFrameworksBuildPhase section */
		09FDFA2527B53BD700D4C0EE /* Frameworks */ = {
			isa = PBXFrameworksBuildPhase;
			buildActionMask = 2147483647;
			files = (
			);
			runOnlyForDeploymentPostprocessing = 0;
		};
/* End PBXFrameworksBuildPhase section */

/* Begin PBXGroup section */
		09FDFA1F27B53BD700D4C0EE = {
			isa = PBXGroup;
			children = (
				09FDFA2A27B53BD700D4C0EE /* Note */,
				09FDFA2927B53BD700D4C0EE /* Products */,
			);
			sourceTree = "<group>";
		};
		09FDFA2927B53BD700D4C0EE /* Products */ = {
			isa = PBXGroup;
			children = (
				09FDFA2827B53BD700D4C0EE /* Note.app */,
			);
			name = Products;
			sourceTree = "<group>";
		};
		09FDFA2A27B53BD700D4C0EE /* Note */ = {
			isa = PBXGroup;
			children = (
				09FDFA2B27B53BD700D4C0EE /* AppDelegate.swift */,
				09FDFA2D27B53BD700D4C0EE /* SceneDelegate.swift */,
				09FDFA4227B53FF300D4C0EE /* Sourses */,
				09FDFA4527B5402900D4C0EE /* Resourses */,
				09FDFA3727B53BDB00D4C0EE /* Assets.xcassets */,
				09FDFA3927B53BDB00D4C0EE /* LaunchScreen.storyboard */,
				09FDFA3C27B53BDB00D4C0EE /* Info.plist */,
			);
			path = Note;
			sourceTree = "<group>";
		};
		09FDFA4227B53FF300D4C0EE /* Sourses */ = {
			isa = PBXGroup;
			children = (
				09FDFA4827B5407E00D4C0EE /* Models */,
				09FDFA4327B5400200D4C0EE /* Modules */,
				09FDFA4427B5400E00D4C0EE /* Application */,
				09FDFA5727B549D900D4C0EE /* Servises */,
			);
			path = Sourses;
			sourceTree = "<group>";
		};
		09FDFA4327B5400200D4C0EE /* Modules */ = {
			isa = PBXGroup;
			children = (
				09FDFA4927B540F500D4C0EE /* NoteList */,
				09FDFA6427B5531100D4C0EE /* AddNote */,
			);
			path = Modules;
			sourceTree = "<group>";
		};
		09FDFA4427B5400E00D4C0EE /* Application */ = {
			isa = PBXGroup;
			children = (
				09FDFA4A27B5410F00D4C0EE /* AppRouter */,
				09FDFA4B27B5411900D4C0EE /* ServiceContainer */,
			);
			path = Application;
			sourceTree = "<group>";
		};
		09FDFA4527B5402900D4C0EE /* Resourses */ = {
			isa = PBXGroup;
			children = (
				09FDFA3427B53BD700D4C0EE /* Note.xcdatamodeld */,
				09FDFA9027BD34E900D4C0EE /* Notes+CoreDataClass.swift */,
				09FDFA9127BD34E900D4C0EE /* Notes+CoreDataProperties.swift */,
			);
			path = Resourses;
			sourceTree = "<group>";
		};
		09FDFA4827B5407E00D4C0EE /* Models */ = {
			isa = PBXGroup;
			children = (
				09FDFA5027B541ED00D4C0EE /* Note.swift */,
				09FDFA9427BD8B8700D4C0EE /* FontStyle.swift */,
			);
			path = Models;
			sourceTree = "<group>";
		};
		09FDFA4927B540F500D4C0EE /* NoteList */ = {
			isa = PBXGroup;
			children = (
				09FDFA5227B542B900D4C0EE /* Cell */,
				09FDFA4E27B541C200D4C0EE /* NoteListProtocols.swift */,
				09FDFA2F27B53BD700D4C0EE /* NoteListViewController.swift */,
				09FDFA5527B5494300D4C0EE /* NoteListPresenter.swift */,
				09FDFA6027B54DF700D4C0EE /* NoteListRouter.swift */,
				09FDFA6227B54ED500D4C0EE /* NoteListConfigurator.swift */,
			);
			path = NoteList;
			sourceTree = "<group>";
		};
		09FDFA4A27B5410F00D4C0EE /* AppRouter */ = {
			isa = PBXGroup;
			children = (
				09FDFA4627B5405100D4C0EE /* AppRouter.swift */,
			);
			path = AppRouter;
			sourceTree = "<group>";
		};
		09FDFA4B27B5411900D4C0EE /* ServiceContainer */ = {
			isa = PBXGroup;
			children = (
				09FDFA4C27B5413400D4C0EE /* ServiceContainer.swift */,
			);
			path = ServiceContainer;
			sourceTree = "<group>";
		};
		09FDFA5227B542B900D4C0EE /* Cell */ = {
			isa = PBXGroup;
			children = (
				09FDFA5327B542E200D4C0EE /* NoteListCollectionViewCell.swift */,
			);
			path = Cell;
			sourceTree = "<group>";
		};
		09FDFA5727B549D900D4C0EE /* Servises */ = {
			isa = PBXGroup;
			children = (
				09FDFA5827B54A0E00D4C0EE /* NoteStorage */,
			);
			path = Servises;
			sourceTree = "<group>";
		};
		09FDFA5827B54A0E00D4C0EE /* NoteStorage */ = {
			isa = PBXGroup;
			children = (
				09FDFA5C27B54A4A00D4C0EE /* NoteServiсeImpl.swift */,
				09FDFA5E27B54BFB00D4C0EE /* NoteStorage.swift */,
				09FDFA5A27B54A2600D4C0EE /* NoteServiсe.swift */,
			);
			path = NoteStorage;
			sourceTree = "<group>";
		};
		09FDFA6427B5531100D4C0EE /* AddNote */ = {
			isa = PBXGroup;
			children = (
				09FDFA8527BC267300D4C0EE /* Views */,
				09FDFA6527B5537600D4C0EE /* AddNoteProtocols.swift */,
				09FDFA7627B68B9100D4C0EE /* AddNoteViewController.swift */,
				09FDFA7027B6747900D4C0EE /* AddNotePresenter.swift */,
				09FDFA7227B6782500D4C0EE /* AddNoteRouter.swift */,
				09FDFA7427B6795300D4C0EE /* AddNoteConfigurator.swift */,
			);
			path = AddNote;
			sourceTree = "<group>";
		};
		09FDFA8527BC267300D4C0EE /* Views */ = {
			isa = PBXGroup;
			children = (
				09FDFA8327BC266A00D4C0EE /* BottomStackView.swift */,
				09FDFA8627BC321A00D4C0EE /* BottomStyleView.swift */,
			);
			path = Views;
			sourceTree = "<group>";
		};
/* End PBXGroup section */

/* Begin PBXNativeTarget section */
		09FDFA2727B53BD700D4C0EE /* Note */ = {
			isa = PBXNativeTarget;
			buildConfigurationList = 09FDFA3F27B53BDB00D4C0EE /* Build configuration list for PBXNativeTarget "Note" */;
			buildPhases = (
				09FDFA2427B53BD700D4C0EE /* Sources */,
				09FDFA2527B53BD700D4C0EE /* Frameworks */,
				09FDFA2627B53BD700D4C0EE /* Resources */,
			);
			buildRules = (
			);
			dependencies = (
			);
			name = Note;
			productName = Note;
			productReference = 09FDFA2827B53BD700D4C0EE /* Note.app */;
			productType = "com.apple.product-type.application";
		};
/* End PBXNativeTarget section */

/* Begin PBXProject section */
		09FDFA2027B53BD700D4C0EE /* Project object */ = {
			isa = PBXProject;
			attributes = {
				BuildIndependentTargetsInParallel = 1;
				LastSwiftUpdateCheck = 1320;
				LastUpgradeCheck = 1320;
				TargetAttributes = {
					09FDFA2727B53BD700D4C0EE = {
						CreatedOnToolsVersion = 13.2;
					};
				};
			};
			buildConfigurationList = 09FDFA2327B53BD700D4C0EE /* Build configuration list for PBXProject "Note" */;
			compatibilityVersion = "Xcode 13.0";
			developmentRegion = en;
			hasScannedForEncodings = 0;
			knownRegions = (
				en,
				Base,
			);
			mainGroup = 09FDFA1F27B53BD700D4C0EE;
			productRefGroup = 09FDFA2927B53BD700D4C0EE /* Products */;
			projectDirPath = "";
			projectRoot = "";
			targets = (
				09FDFA2727B53BD700D4C0EE /* Note */,
			);
		};
/* End PBXProject section */

/* Begin PBXResourcesBuildPhase section */
		09FDFA2627B53BD700D4C0EE /* Resources */ = {
			isa = PBXResourcesBuildPhase;
			buildActionMask = 2147483647;
			files = (
				09FDFA3B27B53BDB00D4C0EE /* LaunchScreen.storyboard in Resources */,
				09FDFA3827B53BDB00D4C0EE /* Assets.xcassets in Resources */,
			);
			runOnlyForDeploymentPostprocessing = 0;
		};
/* End PBXResourcesBuildPhase section */

/* Begin PBXSourcesBuildPhase section */
		09FDFA2427B53BD700D4C0EE /* Sources */ = {
			isa = PBXSourcesBuildPhase;
			buildActionMask = 2147483647;
			files = (
				09FDFA3027B53BD700D4C0EE /* NoteListViewController.swift in Sources */,
				09FDFA8727BC321A00D4C0EE /* BottomStyleView.swift in Sources */,
				09FDFA9227BD34E900D4C0EE /* Notes+CoreDataClass.swift in Sources */,
				09FDFA4F27B541C200D4C0EE /* NoteListProtocols.swift in Sources */,
				09FDFA5627B5494300D4C0EE /* NoteListPresenter.swift in Sources */,
				09FDFA2C27B53BD700D4C0EE /* AppDelegate.swift in Sources */,
				09FDFA5127B541ED00D4C0EE /* Note.swift in Sources */,
				09FDFA7127B6747900D4C0EE /* AddNotePresenter.swift in Sources */,
				09FDFA6627B5537600D4C0EE /* AddNoteProtocols.swift in Sources */,
				09FDFA8427BC266A00D4C0EE /* BottomStackView.swift in Sources */,
				09FDFA5D27B54A4A00D4C0EE /* NoteServiсeImpl.swift in Sources */,
				09FDFA2E27B53BD700D4C0EE /* SceneDelegate.swift in Sources */,
				09FDFA5F27B54BFB00D4C0EE /* NoteStorage.swift in Sources */,
				09FDFA4D27B5413400D4C0EE /* ServiceContainer.swift in Sources */,
				09FDFA5427B542E200D4C0EE /* NoteListCollectionViewCell.swift in Sources */,
				09FDFA6127B54DF700D4C0EE /* NoteListRouter.swift in Sources */,
				09FDFA7727B68B9100D4C0EE /* AddNoteViewController.swift in Sources */,
				09FDFA4727B5405100D4C0EE /* AppRouter.swift in Sources */,
				09FDFA7327B6782500D4C0EE /* AddNoteRouter.swift in Sources */,
				09FDFA9527BD8B8700D4C0EE /* FontStyle.swift in Sources */,
				09FDFA5B27B54A2600D4C0EE /* NoteServiсe.swift in Sources */,
				09FDFA6327B54ED500D4C0EE /* NoteListConfigurator.swift in Sources */,
				09FDFA9327BD34E900D4C0EE /* Notes+CoreDataProperties.swift in Sources */,
				09FDFA7527B6795300D4C0EE /* AddNoteConfigurator.swift in Sources */,
				09FDFA3627B53BD700D4C0EE /* Note.xcdatamodeld in Sources */,
			);
			runOnlyForDeploymentPostprocessing = 0;
		};
/* End PBXSourcesBuildPhase section */

/* Begin PBXVariantGroup section */
		09FDFA3927B53BDB00D4C0EE /* LaunchScreen.storyboard */ = {
			isa = PBXVariantGroup;
			children = (
				09FDFA3A27B53BDB00D4C0EE /* Base */,
			);
			name = LaunchScreen.storyboard;
			sourceTree = "<group>";
		};
/* End PBXVariantGroup section */

/* Begin XCBuildConfiguration section */
		09FDFA3D27B53BDB00D4C0EE /* Debug */ = {
			isa = XCBuildConfiguration;
			buildSettings = {
				ALWAYS_SEARCH_USER_PATHS = NO;
				CLANG_ANALYZER_NONNULL = YES;
				CLANG_ANALYZER_NUMBER_OBJECT_CONVERSION = YES_AGGRESSIVE;
				CLANG_CXX_LANGUAGE_STANDARD = "gnu++17";
				CLANG_CXX_LIBRARY = "libc++";
				CLANG_ENABLE_MODULES = YES;
				CLANG_ENABLE_OBJC_ARC = YES;
				CLANG_ENABLE_OBJC_WEAK = YES;
				CLANG_WARN_BLOCK_CAPTURE_AUTORELEASING = YES;
				CLANG_WARN_BOOL_CONVERSION = YES;
				CLANG_WARN_COMMA = YES;
				CLANG_WARN_CONSTANT_CONVERSION = YES;
				CLANG_WARN_DEPRECATED_OBJC_IMPLEMENTATIONS = YES;
				CLANG_WARN_DIRECT_OBJC_ISA_USAGE = YES_ERROR;
				CLANG_WARN_DOCUMENTATION_COMMENTS = YES;
				CLANG_WARN_EMPTY_BODY = YES;
				CLANG_WARN_ENUM_CONVERSION = YES;
				CLANG_WARN_INFINITE_RECURSION = YES;
				CLANG_WARN_INT_CONVERSION = YES;
				CLANG_WARN_NON_LITERAL_NULL_CONVERSION = YES;
				CLANG_WARN_OBJC_IMPLICIT_RETAIN_SELF = YES;
				CLANG_WARN_OBJC_LITERAL_CONVERSION = YES;
				CLANG_WARN_OBJC_ROOT_CLASS = YES_ERROR;
				CLANG_WARN_QUOTED_INCLUDE_IN_FRAMEWORK_HEADER = YES;
				CLANG_WARN_RANGE_LOOP_ANALYSIS = YES;
				CLANG_WARN_STRICT_PROTOTYPES = YES;
				CLANG_WARN_SUSPICIOUS_MOVE = YES;
				CLANG_WARN_UNGUARDED_AVAILABILITY = YES_AGGRESSIVE;
				CLANG_WARN_UNREACHABLE_CODE = YES;
				CLANG_WARN__DUPLICATE_METHOD_MATCH = YES;
				COPY_PHASE_STRIP = NO;
				DEBUG_INFORMATION_FORMAT = dwarf;
				ENABLE_STRICT_OBJC_MSGSEND = YES;
				ENABLE_TESTABILITY = YES;
				GCC_C_LANGUAGE_STANDARD = gnu11;
				GCC_DYNAMIC_NO_PIC = NO;
				GCC_NO_COMMON_BLOCKS = YES;
				GCC_OPTIMIZATION_LEVEL = 0;
				GCC_PREPROCESSOR_DEFINITIONS = (
					"DEBUG=1",
					"$(inherited)",
				);
				GCC_WARN_64_TO_32_BIT_CONVERSION = YES;
				GCC_WARN_ABOUT_RETURN_TYPE = YES_ERROR;
				GCC_WARN_UNDECLARED_SELECTOR = YES;
				GCC_WARN_UNINITIALIZED_AUTOS = YES_AGGRESSIVE;
				GCC_WARN_UNUSED_FUNCTION = YES;
				GCC_WARN_UNUSED_VARIABLE = YES;
				IPHONEOS_DEPLOYMENT_TARGET = 15.2;
				MTL_ENABLE_DEBUG_INFO = INCLUDE_SOURCE;
				MTL_FAST_MATH = YES;
				ONLY_ACTIVE_ARCH = YES;
				SDKROOT = iphoneos;
				SWIFT_ACTIVE_COMPILATION_CONDITIONS = DEBUG;
				SWIFT_OPTIMIZATION_LEVEL = "-Onone";
			};
			name = Debug;
		};
		09FDFA3E27B53BDB00D4C0EE /* Release */ = {
			isa = XCBuildConfiguration;
			buildSettings = {
				ALWAYS_SEARCH_USER_PATHS = NO;
				CLANG_ANALYZER_NONNULL = YES;
				CLANG_ANALYZER_NUMBER_OBJECT_CONVERSION = YES_AGGRESSIVE;
				CLANG_CXX_LANGUAGE_STANDARD = "gnu++17";
				CLANG_CXX_LIBRARY = "libc++";
				CLANG_ENABLE_MODULES = YES;
				CLANG_ENABLE_OBJC_ARC = YES;
				CLANG_ENABLE_OBJC_WEAK = YES;
				CLANG_WARN_BLOCK_CAPTURE_AUTORELEASING = YES;
				CLANG_WARN_BOOL_CONVERSION = YES;
				CLANG_WARN_COMMA = YES;
				CLANG_WARN_CONSTANT_CONVERSION = YES;
				CLANG_WARN_DEPRECATED_OBJC_IMPLEMENTATIONS = YES;
				CLANG_WARN_DIRECT_OBJC_ISA_USAGE = YES_ERROR;
				CLANG_WARN_DOCUMENTATION_COMMENTS = YES;
				CLANG_WARN_EMPTY_BODY = YES;
				CLANG_WARN_ENUM_CONVERSION = YES;
				CLANG_WARN_INFINITE_RECURSION = YES;
				CLANG_WARN_INT_CONVERSION = YES;
				CLANG_WARN_NON_LITERAL_NULL_CONVERSION = YES;
				CLANG_WARN_OBJC_IMPLICIT_RETAIN_SELF = YES;
				CLANG_WARN_OBJC_LITERAL_CONVERSION = YES;
				CLANG_WARN_OBJC_ROOT_CLASS = YES_ERROR;
				CLANG_WARN_QUOTED_INCLUDE_IN_FRAMEWORK_HEADER = YES;
				CLANG_WARN_RANGE_LOOP_ANALYSIS = YES;
				CLANG_WARN_STRICT_PROTOTYPES = YES;
				CLANG_WARN_SUSPICIOUS_MOVE = YES;
				CLANG_WARN_UNGUARDED_AVAILABILITY = YES_AGGRESSIVE;
				CLANG_WARN_UNREACHABLE_CODE = YES;
				CLANG_WARN__DUPLICATE_METHOD_MATCH = YES;
				COPY_PHASE_STRIP = NO;
				DEBUG_INFORMATION_FORMAT = "dwarf-with-dsym";
				ENABLE_NS_ASSERTIONS = NO;
				ENABLE_STRICT_OBJC_MSGSEND = YES;
				GCC_C_LANGUAGE_STANDARD = gnu11;
				GCC_NO_COMMON_BLOCKS = YES;
				GCC_WARN_64_TO_32_BIT_CONVERSION = YES;
				GCC_WARN_ABOUT_RETURN_TYPE = YES_ERROR;
				GCC_WARN_UNDECLARED_SELECTOR = YES;
				GCC_WARN_UNINITIALIZED_AUTOS = YES_AGGRESSIVE;
				GCC_WARN_UNUSED_FUNCTION = YES;
				GCC_WARN_UNUSED_VARIABLE = YES;
				IPHONEOS_DEPLOYMENT_TARGET = 15.2;
				MTL_ENABLE_DEBUG_INFO = NO;
				MTL_FAST_MATH = YES;
				SDKROOT = iphoneos;
				SWIFT_COMPILATION_MODE = wholemodule;
				SWIFT_OPTIMIZATION_LEVEL = "-O";
				VALIDATE_PRODUCT = YES;
			};
			name = Release;
		};
		09FDFA4027B53BDB00D4C0EE /* Debug */ = {
			isa = XCBuildConfiguration;
			buildSettings = {
				ASSETCATALOG_COMPILER_APPICON_NAME = AppIcon;
				ASSETCATALOG_COMPILER_GLOBAL_ACCENT_COLOR_NAME = AccentColor;
				CODE_SIGN_STYLE = Automatic;
				CURRENT_PROJECT_VERSION = 1;
				GENERATE_INFOPLIST_FILE = YES;
				INFOPLIST_FILE = Note/Info.plist;
				INFOPLIST_KEY_UIApplicationSupportsIndirectInputEvents = YES;
				INFOPLIST_KEY_UILaunchStoryboardName = LaunchScreen;
				INFOPLIST_KEY_UISupportedInterfaceOrientations_iPad = "UIInterfaceOrientationPortrait UIInterfaceOrientationPortraitUpsideDown UIInterfaceOrientationLandscapeLeft UIInterfaceOrientationLandscapeRight";
				INFOPLIST_KEY_UISupportedInterfaceOrientations_iPhone = "UIInterfaceOrientationPortrait UIInterfaceOrientationLandscapeLeft UIInterfaceOrientationLandscapeRight";
				LD_RUNPATH_SEARCH_PATHS = (
					"$(inherited)",
					"@executable_path/Frameworks",
				);
				MARKETING_VERSION = 1.0;
				PRODUCT_BUNDLE_IDENTIFIER = tane4ek.Note;
				PRODUCT_NAME = "$(TARGET_NAME)";
				SWIFT_EMIT_LOC_STRINGS = YES;
				SWIFT_VERSION = 5.0;
				TARGETED_DEVICE_FAMILY = "1,2";
			};
			name = Debug;
		};
		09FDFA4127B53BDB00D4C0EE /* Release */ = {
			isa = XCBuildConfiguration;
			buildSettings = {
				ASSETCATALOG_COMPILER_APPICON_NAME = AppIcon;
				ASSETCATALOG_COMPILER_GLOBAL_ACCENT_COLOR_NAME = AccentColor;
				CODE_SIGN_STYLE = Automatic;
				CURRENT_PROJECT_VERSION = 1;
				GENERATE_INFOPLIST_FILE = YES;
				INFOPLIST_FILE = Note/Info.plist;
				INFOPLIST_KEY_UIApplicationSupportsIndirectInputEvents = YES;
				INFOPLIST_KEY_UILaunchStoryboardName = LaunchScreen;
				INFOPLIST_KEY_UISupportedInterfaceOrientations_iPad = "UIInterfaceOrientationPortrait UIInterfaceOrientationPortraitUpsideDown UIInterfaceOrientationLandscapeLeft UIInterfaceOrientationLandscapeRight";
				INFOPLIST_KEY_UISupportedInterfaceOrientations_iPhone = "UIInterfaceOrientationPortrait UIInterfaceOrientationLandscapeLeft UIInterfaceOrientationLandscapeRight";
				LD_RUNPATH_SEARCH_PATHS = (
					"$(inherited)",
					"@executable_path/Frameworks",
				);
				MARKETING_VERSION = 1.0;
				PRODUCT_BUNDLE_IDENTIFIER = tane4ek.Note;
				PRODUCT_NAME = "$(TARGET_NAME)";
				SWIFT_EMIT_LOC_STRINGS = YES;
				SWIFT_VERSION = 5.0;
				TARGETED_DEVICE_FAMILY = "1,2";
			};
			name = Release;
		};
/* End XCBuildConfiguration section */

/* Begin XCConfigurationList section */
		09FDFA2327B53BD700D4C0EE /* Build configuration list for PBXProject "Note" */ = {
			isa = XCConfigurationList;
			buildConfigurations = (
				09FDFA3D27B53BDB00D4C0EE /* Debug */,
				09FDFA3E27B53BDB00D4C0EE /* Release */,
			);
			defaultConfigurationIsVisible = 0;
			defaultConfigurationName = Release;
		};
		09FDFA3F27B53BDB00D4C0EE /* Build configuration list for PBXNativeTarget "Note" */ = {
			isa = XCConfigurationList;
			buildConfigurations = (
				09FDFA4027B53BDB00D4C0EE /* Debug */,
				09FDFA4127B53BDB00D4C0EE /* Release */,
			);
			defaultConfigurationIsVisible = 0;
			defaultConfigurationName = Release;
		};
/* End XCConfigurationList section */

/* Begin XCVersionGroup section */
		09FDFA3427B53BD700D4C0EE /* Note.xcdatamodeld */ = {
			isa = XCVersionGroup;
			children = (
				09FDFA3527B53BD700D4C0EE /* Note.xcdatamodel */,
			);
			currentVersion = 09FDFA3527B53BD700D4C0EE /* Note.xcdatamodel */;
			path = Note.xcdatamodeld;
			sourceTree = "<group>";
			versionGroupType = wrapper.xcdatamodel;
		};
/* End XCVersionGroup section */
	};
	rootObject = 09FDFA2027B53BD700D4C0EE /* Project object */;
}
